
Microsoft Visual Studio Solution File, Format Version 12.00
# Visual Studio Version 16
VisualStudioVersion = 16.0.31205.134
MinimumVisualStudioVersion = 10.0.40219.1
Project("{9A19103F-16F7-4668-BE54-9A1E7A4F7556}") = "SourceGenerator", "Projects\SourceGenerator\SourceGenerator.csproj", "{9E61E2BB-345C-4C55-8FAE-D51BA3AEC993}"
EndProject
Project("{9A19103F-16F7-4668-BE54-9A1E7A4F7556}") = "Compiler", "Projects\Compiler\Compiler.csproj", "{CA3F0322-2F9D-431E-86A3-5084FF901CEB}"
EndProject
Project("{9A19103F-16F7-4668-BE54-9A1E7A4F7556}") = "Tests", "Projects\Tests\Tests.csproj", "{DB038744-E97C-4DB8-B134-45505AAE2D82}"
EndProject
Project("{2150E333-8FDC-42A3-9474-1A3956D46DE8}") = "Solution Items", "Solution Items", "{6D6BA5E7-A155-472D-8CDE-6C632028CCDE}"
	ProjectSection(SolutionItems) = preProject
		.gitignore = .gitignore
		cover.ps1 = cover.ps1
		TODO.txt = TODO.txt
	EndProjectSection
EndProject
Project("{9A19103F-16F7-4668-BE54-9A1E7A4F7556}") = "TestPerformance", "Projects\TestPerformance\TestPerformance.csproj", "{ED5668A2-CE57-44CC-974F-70C79F975E12}"
EndProject
Project("{FAE04EC0-301F-11D3-BF4B-00C04F79EFBC}") = "FullEditor", "Projects\FullEditor\FullEditor.csproj", "{04616DCB-C42F-4F2D-BF14-DC5BBB066DA3}"
EndProject
Global
	GlobalSection(SolutionConfigurationPlatforms) = preSolution
		Debug|Any CPU = Debug|Any CPU
		Release|Any CPU = Release|Any CPU
	EndGlobalSection
	GlobalSection(ProjectConfigurationPlatforms) = postSolution
		{9E61E2BB-345C-4C55-8FAE-D51BA3AEC993}.Debug|Any CPU.ActiveCfg = Release|Any CPU
		{9E61E2BB-345C-4C55-8FAE-D51BA3AEC993}.Debug|Any CPU.Build.0 = Release|Any CPU
		{9E61E2BB-345C-4C55-8FAE-D51BA3AEC993}.Release|Any CPU.ActiveCfg = Release|Any CPU
		{9E61E2BB-345C-4C55-8FAE-D51BA3AEC993}.Release|Any CPU.Build.0 = Release|Any CPU
		{CA3F0322-2F9D-431E-86A3-5084FF901CEB}.Debug|Any CPU.ActiveCfg = Debug|Any CPU
		{CA3F0322-2F9D-431E-86A3-5084FF901CEB}.Debug|Any CPU.Build.0 = Debug|Any CPU
		{CA3F0322-2F9D-431E-86A3-5084FF901CEB}.Release|Any CPU.ActiveCfg = Release|Any CPU
		{CA3F0322-2F9D-431E-86A3-5084FF901CEB}.Release|Any CPU.Build.0 = Release|Any CPU
		{DB038744-E97C-4DB8-B134-45505AAE2D82}.Debug|Any CPU.ActiveCfg = Debug|Any CPU
		{DB038744-E97C-4DB8-B134-45505AAE2D82}.Debug|Any CPU.Build.0 = Debug|Any CPU
		{DB038744-E97C-4DB8-B134-45505AAE2D82}.Release|Any CPU.ActiveCfg = Release|Any CPU
		{DB038744-E97C-4DB8-B134-45505AAE2D82}.Release|Any CPU.Build.0 = Release|Any CPU
		{ED5668A2-CE57-44CC-974F-70C79F975E12}.Debug|Any CPU.ActiveCfg = Debug|Any CPU
		{ED5668A2-CE57-44CC-974F-70C79F975E12}.Debug|Any CPU.Build.0 = Debug|Any CPU
		{ED5668A2-CE57-44CC-974F-70C79F975E12}.Release|Any CPU.ActiveCfg = Release|Any CPU
		{ED5668A2-CE57-44CC-974F-70C79F975E12}.Release|Any CPU.Build.0 = Release|Any CPU
		{04616DCB-C42F-4F2D-BF14-DC5BBB066DA3}.Debug|Any CPU.ActiveCfg = Debug|Any CPU
		{04616DCB-C42F-4F2D-BF14-DC5BBB066DA3}.Debug|Any CPU.Build.0 = Debug|Any CPU
		{04616DCB-C42F-4F2D-BF14-DC5BBB066DA3}.Release|Any CPU.ActiveCfg = Release|Any CPU
		{04616DCB-C42F-4F2D-BF14-DC5BBB066DA3}.Release|Any CPU.Build.0 = Release|Any CPU
	EndGlobalSection
	GlobalSection(SolutionProperties) = preSolution
		HideSolutionNode = FALSE
	EndGlobalSection
	GlobalSection(ExtensibilityGlobals) = postSolution
		SolutionGuid = {569BEAEB-7A67-4B94-BAC4-2FD228D379FD}
	EndGlobalSection
EndGlobal
